
Microsoft Visual Studio Solution File, Format Version 12.00
# Visual Studio 15
VisualStudioVersion = 15.0.26124.0
MinimumVisualStudioVersion = 15.0.26124.0
Project("{2150E333-8FDC-42A3-9474-1A3956D46DE8}") = "Code", "Code", "{E7CB2680-6C07-4730-ABB4-26C72B593BB7}"
EndProject
Project("{FAE04EC0-301F-11D3-BF4B-00C04F79EFBC}") = "backend.Api", "Code\backend.Api\backend.Api.csproj", "{5B9201C1-BAFA-4F12-8698-B2A6B4D9C4CB}"
EndProject
Project("{FAE04EC0-301F-11D3-BF4B-00C04F79EFBC}") = "backend.BusinessEntities", "Code\backend.BusinessEntities\backend.BusinessEntities.csproj", "{8C6A73A5-AD26-4D12-979F-B62A1EA5EF6C}"
EndProject
Project("{FAE04EC0-301F-11D3-BF4B-00C04F79EFBC}") = "backend.BusinessServices", "Code\backend.BusinessServices\backend.BusinessServices.csproj", "{3B323E33-3B96-4847-8094-197E5CAE394F}"
EndProject
Project("{FAE04EC0-301F-11D3-BF4B-00C04F79EFBC}") = "backend.Contracts", "Code\backend.Contracts\backend.Contracts.csproj", "{9B181547-97DF-4609-90E5-FC33C6EA0DA1}"
EndProject
Project("{FAE04EC0-301F-11D3-BF4B-00C04F79EFBC}") = "backend.Data", "Code\backend.Data\backend.Data.csproj", "{002091DC-52BD-4126-81B3-152DFD68AEBB}"
EndProject
Project("{FAE04EC0-301F-11D3-BF4B-00C04F79EFBC}") = "backend.Test.Api", "Code\backend.Test.Api\backend.Test.Api.csproj", "{33A4FB15-AC6C-4B14-A6DA-D5275A656E15}"
EndProject
Project("{FAE04EC0-301F-11D3-BF4B-00C04F79EFBC}") = "backend.Test.Business", "Code\backend.Test.Business\backend.Test.Business.csproj", "{6181C78B-2099-400B-BB07-8CD739EC55AA}"
EndProject
Project("{FAE04EC0-301F-11D3-BF4B-00C04F79EFBC}") = "backend.Test.Framework", "Code\backend.Test.Framework\backend.Test.Framework.csproj", "{C62808EA-AB73-47E8-9BB9-8CC9CCB6C83D}"
EndProject
Project("{2150E333-8FDC-42A3-9474-1A3956D46DE8}") = "Test", "Test", "{4E8DFAC0-3775-4800-8F24-9E6A1B2E370B}"
EndProject
Global
	GlobalSection(SolutionConfigurationPlatforms) = preSolution
		Debug|Any CPU = Debug|Any CPU
		Debug|x64 = Debug|x64
		Debug|x86 = Debug|x86
		Release|Any CPU = Release|Any CPU
		Release|x64 = Release|x64
		Release|x86 = Release|x86
	EndGlobalSection
	GlobalSection(SolutionProperties) = preSolution
		HideSolutionNode = FALSE
	EndGlobalSection
	GlobalSection(ProjectConfigurationPlatforms) = postSolution
		{5B9201C1-BAFA-4F12-8698-B2A6B4D9C4CB}.Debug|Any CPU.ActiveCfg = Debug|Any CPU
		{5B9201C1-BAFA-4F12-8698-B2A6B4D9C4CB}.Debug|Any CPU.Build.0 = Debug|Any CPU
		{5B9201C1-BAFA-4F12-8698-B2A6B4D9C4CB}.Debug|x64.ActiveCfg = Debug|Any CPU
		{5B9201C1-BAFA-4F12-8698-B2A6B4D9C4CB}.Debug|x64.Build.0 = Debug|Any CPU
		{5B9201C1-BAFA-4F12-8698-B2A6B4D9C4CB}.Debug|x86.ActiveCfg = Debug|Any CPU
		{5B9201C1-BAFA-4F12-8698-B2A6B4D9C4CB}.Debug|x86.Build.0 = Debug|Any CPU
		{5B9201C1-BAFA-4F12-8698-B2A6B4D9C4CB}.Release|Any CPU.ActiveCfg = Release|Any CPU
		{5B9201C1-BAFA-4F12-8698-B2A6B4D9C4CB}.Release|Any CPU.Build.0 = Release|Any CPU
		{5B9201C1-BAFA-4F12-8698-B2A6B4D9C4CB}.Release|x64.ActiveCfg = Release|Any CPU
		{5B9201C1-BAFA-4F12-8698-B2A6B4D9C4CB}.Release|x64.Build.0 = Release|Any CPU
		{5B9201C1-BAFA-4F12-8698-B2A6B4D9C4CB}.Release|x86.ActiveCfg = Release|Any CPU
		{5B9201C1-BAFA-4F12-8698-B2A6B4D9C4CB}.Release|x86.Build.0 = Release|Any CPU
		{8C6A73A5-AD26-4D12-979F-B62A1EA5EF6C}.Debug|Any CPU.ActiveCfg = Debug|Any CPU
		{8C6A73A5-AD26-4D12-979F-B62A1EA5EF6C}.Debug|Any CPU.Build.0 = Debug|Any CPU
		{8C6A73A5-AD26-4D12-979F-B62A1EA5EF6C}.Debug|x64.ActiveCfg = Debug|Any CPU
		{8C6A73A5-AD26-4D12-979F-B62A1EA5EF6C}.Debug|x64.Build.0 = Debug|Any CPU
		{8C6A73A5-AD26-4D12-979F-B62A1EA5EF6C}.Debug|x86.ActiveCfg = Debug|Any CPU
		{8C6A73A5-AD26-4D12-979F-B62A1EA5EF6C}.Debug|x86.Build.0 = Debug|Any CPU
		{8C6A73A5-AD26-4D12-979F-B62A1EA5EF6C}.Release|Any CPU.ActiveCfg = Release|Any CPU
		{8C6A73A5-AD26-4D12-979F-B62A1EA5EF6C}.Release|Any CPU.Build.0 = Release|Any CPU
		{8C6A73A5-AD26-4D12-979F-B62A1EA5EF6C}.Release|x64.ActiveCfg = Release|Any CPU
		{8C6A73A5-AD26-4D12-979F-B62A1EA5EF6C}.Release|x64.Build.0 = Release|Any CPU
		{8C6A73A5-AD26-4D12-979F-B62A1EA5EF6C}.Release|x86.ActiveCfg = Release|Any CPU
		{8C6A73A5-AD26-4D12-979F-B62A1EA5EF6C}.Release|x86.Build.0 = Release|Any CPU
		{3B323E33-3B96-4847-8094-197E5CAE394F}.Debug|Any CPU.ActiveCfg = Debug|Any CPU
		{3B323E33-3B96-4847-8094-197E5CAE394F}.Debug|Any CPU.Build.0 = Debug|Any CPU
		{3B323E33-3B96-4847-8094-197E5CAE394F}.Debug|x64.ActiveCfg = Debug|Any CPU
		{3B323E33-3B96-4847-8094-197E5CAE394F}.Debug|x64.Build.0 = Debug|Any CPU
		{3B323E33-3B96-4847-8094-197E5CAE394F}.Debug|x86.ActiveCfg = Debug|Any CPU
		{3B323E33-3B96-4847-8094-197E5CAE394F}.Debug|x86.Build.0 = Debug|Any CPU
		{3B323E33-3B96-4847-8094-197E5CAE394F}.Release|Any CPU.ActiveCfg = Release|Any CPU
		{3B323E33-3B96-4847-8094-197E5CAE394F}.Release|Any CPU.Build.0 = Release|Any CPU
		{3B323E33-3B96-4847-8094-197E5CAE394F}.Release|x64.ActiveCfg = Release|Any CPU
		{3B323E33-3B96-4847-8094-197E5CAE394F}.Release|x64.Build.0 = Release|Any CPU
		{3B323E33-3B96-4847-8094-197E5CAE394F}.Release|x86.ActiveCfg = Release|Any CPU
		{3B323E33-3B96-4847-8094-197E5CAE394F}.Release|x86.Build.0 = Release|Any CPU
		{9B181547-97DF-4609-90E5-FC33C6EA0DA1}.Debug|Any CPU.ActiveCfg = Debug|Any CPU
		{9B181547-97DF-4609-90E5-FC33C6EA0DA1}.Debug|Any CPU.Build.0 = Debug|Any CPU
		{9B181547-97DF-4609-90E5-FC33C6EA0DA1}.Debug|x64.ActiveCfg = Debug|Any CPU
		{9B181547-97DF-4609-90E5-FC33C6EA0DA1}.Debug|x64.Build.0 = Debug|Any CPU
		{9B181547-97DF-4609-90E5-FC33C6EA0DA1}.Debug|x86.ActiveCfg = Debug|Any CPU
		{9B181547-97DF-4609-90E5-FC33C6EA0DA1}.Debug|x86.Build.0 = Debug|Any CPU
		{9B181547-97DF-4609-90E5-FC33C6EA0DA1}.Release|Any CPU.ActiveCfg = Release|Any CPU
		{9B181547-97DF-4609-90E5-FC33C6EA0DA1}.Release|Any CPU.Build.0 = Release|Any CPU
		{9B181547-97DF-4609-90E5-FC33C6EA0DA1}.Release|x64.ActiveCfg = Release|Any CPU
		{9B181547-97DF-4609-90E5-FC33C6EA0DA1}.Release|x64.Build.0 = Release|Any CPU
		{9B181547-97DF-4609-90E5-FC33C6EA0DA1}.Release|x86.ActiveCfg = Release|Any CPU
		{9B181547-97DF-4609-90E5-FC33C6EA0DA1}.Release|x86.Build.0 = Release|Any CPU
		{002091DC-52BD-4126-81B3-152DFD68AEBB}.Debug|Any CPU.ActiveCfg = Debug|Any CPU
		{002091DC-52BD-4126-81B3-152DFD68AEBB}.Debug|Any CPU.Build.0 = Debug|Any CPU
		{002091DC-52BD-4126-81B3-152DFD68AEBB}.Debug|x64.ActiveCfg = Debug|Any CPU
		{002091DC-52BD-4126-81B3-152DFD68AEBB}.Debug|x64.Build.0 = Debug|Any CPU
		{002091DC-52BD-4126-81B3-152DFD68AEBB}.Debug|x86.ActiveCfg = Debug|Any CPU
		{002091DC-52BD-4126-81B3-152DFD68AEBB}.Debug|x86.Build.0 = Debug|Any CPU
		{002091DC-52BD-4126-81B3-152DFD68AEBB}.Release|Any CPU.ActiveCfg = Release|Any CPU
		{002091DC-52BD-4126-81B3-152DFD68AEBB}.Release|Any CPU.Build.0 = Release|Any CPU
		{002091DC-52BD-4126-81B3-152DFD68AEBB}.Release|x64.ActiveCfg = Release|Any CPU
		{002091DC-52BD-4126-81B3-152DFD68AEBB}.Release|x64.Build.0 = Release|Any CPU
		{002091DC-52BD-4126-81B3-152DFD68AEBB}.Release|x86.ActiveCfg = Release|Any CPU
		{002091DC-52BD-4126-81B3-152DFD68AEBB}.Release|x86.Build.0 = Release|Any CPU
		{33A4FB15-AC6C-4B14-A6DA-D5275A656E15}.Debug|Any CPU.ActiveCfg = Debug|Any CPU
		{33A4FB15-AC6C-4B14-A6DA-D5275A656E15}.Debug|Any CPU.Build.0 = Debug|Any CPU
		{33A4FB15-AC6C-4B14-A6DA-D5275A656E15}.Debug|x64.ActiveCfg = Debug|Any CPU
		{33A4FB15-AC6C-4B14-A6DA-D5275A656E15}.Debug|x64.Build.0 = Debug|Any CPU
		{33A4FB15-AC6C-4B14-A6DA-D5275A656E15}.Debug|x86.ActiveCfg = Debug|Any CPU
		{33A4FB15-AC6C-4B14-A6DA-D5275A656E15}.Debug|x86.Build.0 = Debug|Any CPU
		{33A4FB15-AC6C-4B14-A6DA-D5275A656E15}.Release|Any CPU.ActiveCfg = Release|Any CPU
		{33A4FB15-AC6C-4B14-A6DA-D5275A656E15}.Release|Any CPU.Build.0 = Release|Any CPU
		{33A4FB15-AC6C-4B14-A6DA-D5275A656E15}.Release|x64.ActiveCfg = Release|Any CPU
		{33A4FB15-AC6C-4B14-A6DA-D5275A656E15}.Release|x64.Build.0 = Release|Any CPU
		{33A4FB15-AC6C-4B14-A6DA-D5275A656E15}.Release|x86.ActiveCfg = Release|Any CPU
		{33A4FB15-AC6C-4B14-A6DA-D5275A656E15}.Release|x86.Build.0 = Release|Any CPU
		{6181C78B-2099-400B-BB07-8CD739EC55AA}.Debug|Any CPU.ActiveCfg = Debug|Any CPU
		{6181C78B-2099-400B-BB07-8CD739EC55AA}.Debug|Any CPU.Build.0 = Debug|Any CPU
		{6181C78B-2099-400B-BB07-8CD739EC55AA}.Debug|x64.ActiveCfg = Debug|Any CPU
		{6181C78B-2099-400B-BB07-8CD739EC55AA}.Debug|x64.Build.0 = Debug|Any CPU
		{6181C78B-2099-400B-BB07-8CD739EC55AA}.Debug|x86.ActiveCfg = Debug|Any CPU
		{6181C78B-2099-400B-BB07-8CD739EC55AA}.Debug|x86.Build.0 = Debug|Any CPU
		{6181C78B-2099-400B-BB07-8CD739EC55AA}.Release|Any CPU.ActiveCfg = Release|Any CPU
		{6181C78B-2099-400B-BB07-8CD739EC55AA}.Release|Any CPU.Build.0 = Release|Any CPU
		{6181C78B-2099-400B-BB07-8CD739EC55AA}.Release|x64.ActiveCfg = Release|Any CPU
		{6181C78B-2099-400B-BB07-8CD739EC55AA}.Release|x64.Build.0 = Release|Any CPU
		{6181C78B-2099-400B-BB07-8CD739EC55AA}.Release|x86.ActiveCfg = Release|Any CPU
		{6181C78B-2099-400B-BB07-8CD739EC55AA}.Release|x86.Build.0 = Release|Any CPU
		{C62808EA-AB73-47E8-9BB9-8CC9CCB6C83D}.Debug|Any CPU.ActiveCfg = Debug|Any CPU
		{C62808EA-AB73-47E8-9BB9-8CC9CCB6C83D}.Debug|Any CPU.Build.0 = Debug|Any CPU
		{C62808EA-AB73-47E8-9BB9-8CC9CCB6C83D}.Debug|x64.ActiveCfg = Debug|Any CPU
		{C62808EA-AB73-47E8-9BB9-8CC9CCB6C83D}.Debug|x64.Build.0 = Debug|Any CPU
		{C62808EA-AB73-47E8-9BB9-8CC9CCB6C83D}.Debug|x86.ActiveCfg = Debug|Any CPU
		{C62808EA-AB73-47E8-9BB9-8CC9CCB6C83D}.Debug|x86.Build.0 = Debug|Any CPU
		{C62808EA-AB73-47E8-9BB9-8CC9CCB6C83D}.Release|Any CPU.ActiveCfg = Release|Any CPU
		{C62808EA-AB73-47E8-9BB9-8CC9CCB6C83D}.Release|Any CPU.Build.0 = Release|Any CPU
		{C62808EA-AB73-47E8-9BB9-8CC9CCB6C83D}.Release|x64.ActiveCfg = Release|Any CPU
		{C62808EA-AB73-47E8-9BB9-8CC9CCB6C83D}.Release|x64.Build.0 = Release|Any CPU
		{C62808EA-AB73-47E8-9BB9-8CC9CCB6C83D}.Release|x86.ActiveCfg = Release|Any CPU
		{C62808EA-AB73-47E8-9BB9-8CC9CCB6C83D}.Release|x86.Build.0 = Release|Any CPU
	EndGlobalSection
	GlobalSection(NestedProjects) = preSolution
		{5B9201C1-BAFA-4F12-8698-B2A6B4D9C4CB} = {E7CB2680-6C07-4730-ABB4-26C72B593BB7}
		{8C6A73A5-AD26-4D12-979F-B62A1EA5EF6C} = {E7CB2680-6C07-4730-ABB4-26C72B593BB7}
		{3B323E33-3B96-4847-8094-197E5CAE394F} = {E7CB2680-6C07-4730-ABB4-26C72B593BB7}
		{9B181547-97DF-4609-90E5-FC33C6EA0DA1} = {E7CB2680-6C07-4730-ABB4-26C72B593BB7}
		{002091DC-52BD-4126-81B3-152DFD68AEBB} = {E7CB2680-6C07-4730-ABB4-26C72B593BB7}
		{33A4FB15-AC6C-4B14-A6DA-D5275A656E15} = {4E8DFAC0-3775-4800-8F24-9E6A1B2E370B}
		{6181C78B-2099-400B-BB07-8CD739EC55AA} = {4E8DFAC0-3775-4800-8F24-9E6A1B2E370B}
		{C62808EA-AB73-47E8-9BB9-8CC9CCB6C83D} = {4E8DFAC0-3775-4800-8F24-9E6A1B2E370B}
	EndGlobalSection
EndGlobal
